
Microsoft Visual Studio Solution File, Format Version 12.00
# Visual Studio 15
VisualStudioVersion = 15.0.28010.2016
MinimumVisualStudioVersion = 10.0.40219.1
Project("{9A19103F-16F7-4668-BE54-9A1E7A4F7556}") = "Tool.Calendar.Web", "Tool.Calendar.Web\Tool.Calendar.Web.csproj", "{837FDAB1-6381-46F3-880D-549ECAF8D915}"
EndProject
Project("{FAE04EC0-301F-11D3-BF4B-00C04F79EFBC}") = "Tool.Calendar.Common", "Tool.Calendar.Common\Tool.Calendar.Common.csproj", "{EFE71884-E18B-4F64-960C-518B3C1A8457}"
EndProject
Project("{FAE04EC0-301F-11D3-BF4B-00C04F79EFBC}") = "Tool.Calendar.Models", "Tool.Calendar.Models\Tool.Calendar.Models.csproj", "{933BFC97-F80D-45FA-8414-4FFAFEE9B921}"
EndProject
Project("{FAE04EC0-301F-11D3-BF4B-00C04F79EFBC}") = "Tool.Calendar.IRepository", "Tool.Calendar.IRepository\Tool.Calendar.IRepository.csproj", "{76EE18BF-397C-41DB-BC19-FB156D796B64}"
EndProject
Global
	GlobalSection(SolutionConfigurationPlatforms) = preSolution
		Debug|Any CPU = Debug|Any CPU
		Release|Any CPU = Release|Any CPU
	EndGlobalSection
	GlobalSection(ProjectConfigurationPlatforms) = postSolution
		{837FDAB1-6381-46F3-880D-549ECAF8D915}.Debug|Any CPU.ActiveCfg = Debug|Any CPU
		{837FDAB1-6381-46F3-880D-549ECAF8D915}.Debug|Any CPU.Build.0 = Debug|Any CPU
		{837FDAB1-6381-46F3-880D-549ECAF8D915}.Release|Any CPU.ActiveCfg = Release|Any CPU
		{837FDAB1-6381-46F3-880D-549ECAF8D915}.Release|Any CPU.Build.0 = Release|Any CPU
		{EFE71884-E18B-4F64-960C-518B3C1A8457}.Debug|Any CPU.ActiveCfg = Debug|Any CPU
		{EFE71884-E18B-4F64-960C-518B3C1A8457}.Debug|Any CPU.Build.0 = Debug|Any CPU
		{EFE71884-E18B-4F64-960C-518B3C1A8457}.Release|Any CPU.ActiveCfg = Release|Any CPU
		{EFE71884-E18B-4F64-960C-518B3C1A8457}.Release|Any CPU.Build.0 = Release|Any CPU
		{933BFC97-F80D-45FA-8414-4FFAFEE9B921}.Debug|Any CPU.ActiveCfg = Debug|Any CPU
		{933BFC97-F80D-45FA-8414-4FFAFEE9B921}.Debug|Any CPU.Build.0 = Debug|Any CPU
		{933BFC97-F80D-45FA-8414-4FFAFEE9B921}.Release|Any CPU.ActiveCfg = Release|Any CPU
		{933BFC97-F80D-45FA-8414-4FFAFEE9B921}.Release|Any CPU.Build.0 = Release|Any CPU
		{76EE18BF-397C-41DB-BC19-FB156D796B64}.Debug|Any CPU.ActiveCfg = Debug|Any CPU
		{76EE18BF-397C-41DB-BC19-FB156D796B64}.Debug|Any CPU.Build.0 = Debug|Any CPU
		{76EE18BF-397C-41DB-BC19-FB156D796B64}.Release|Any CPU.ActiveCfg = Release|Any CPU
		{76EE18BF-397C-41DB-BC19-FB156D796B64}.Release|Any CPU.Build.0 = Release|Any CPU
	EndGlobalSection
	GlobalSection(SolutionProperties) = preSolution
		HideSolutionNode = FALSE
	EndGlobalSection
	GlobalSection(ExtensibilityGlobals) = postSolution
		SolutionGuid = {70B07ACE-276B-4641-891D-A09E4DFF5306}
	EndGlobalSection
EndGlobal
